
Microsoft Visual Studio Solution File, Format Version 12.00
# Visual Studio Version 16
VisualStudioVersion = 16.0.30002.166
MinimumVisualStudioVersion = 10.0.40219.1
Project("{FAE04EC0-301F-11D3-BF4B-00C04F79EFBC}") = "NoteKeeper.UWP", "NoteKeeper\NoteKeeper.UWP\NoteKeeper.UWP.csproj", "{403CBC23-7BAB-4D99-9BC3-284DBB82BCD2}"
EndProject
Project("{FAE04EC0-301F-11D3-BF4B-00C04F79EFBC}") = "NoteKeeper.Android", "NoteKeeper\NoteKeeper.Android\NoteKeeper.Android.csproj", "{2F4B9BF8-BDA8-486C-81A4-11E6EEF51541}"
EndProject
Project("{FAE04EC0-301F-11D3-BF4B-00C04F79EFBC}") = "NoteKeeper.iOS", "NoteKeeper\NoteKeeper.iOS\NoteKeeper.iOS.csproj", "{DDB7EFDB-3D6D-4B68-85E2-1C831CE92D4E}"
EndProject
Project("{FAE04EC0-301F-11D3-BF4B-00C04F79EFBC}") = "NoteKeeper", "NoteKeeper\NoteKeeper\NoteKeeper.csproj", "{4C28A348-7FB0-45D1-867C-E421C31E971D}"
EndProject
Global
	GlobalSection(SolutionConfigurationPlatforms) = preSolution
		Debug|Any CPU = Debug|Any CPU
		Debug|ARM = Debug|ARM
		Debug|iPhone = Debug|iPhone
		Debug|iPhoneSimulator = Debug|iPhoneSimulator
		Debug|x64 = Debug|x64
		Debug|x86 = Debug|x86
		Release|Any CPU = Release|Any CPU
		Release|ARM = Release|ARM
		Release|iPhone = Release|iPhone
		Release|iPhoneSimulator = Release|iPhoneSimulator
		Release|x64 = Release|x64
		Release|x86 = Release|x86
	EndGlobalSection
	GlobalSection(ProjectConfigurationPlatforms) = postSolution
		{403CBC23-7BAB-4D99-9BC3-284DBB82BCD2}.Debug|Any CPU.ActiveCfg = Debug|x86
		{403CBC23-7BAB-4D99-9BC3-284DBB82BCD2}.Debug|Any CPU.Build.0 = Debug|x86
		{403CBC23-7BAB-4D99-9BC3-284DBB82BCD2}.Debug|Any CPU.Deploy.0 = Debug|x86
		{403CBC23-7BAB-4D99-9BC3-284DBB82BCD2}.Debug|ARM.ActiveCfg = Debug|ARM
		{403CBC23-7BAB-4D99-9BC3-284DBB82BCD2}.Debug|ARM.Build.0 = Debug|ARM
		{403CBC23-7BAB-4D99-9BC3-284DBB82BCD2}.Debug|ARM.Deploy.0 = Debug|ARM
		{403CBC23-7BAB-4D99-9BC3-284DBB82BCD2}.Debug|iPhone.ActiveCfg = Debug|x86
		{403CBC23-7BAB-4D99-9BC3-284DBB82BCD2}.Debug|iPhone.Build.0 = Debug|x86
		{403CBC23-7BAB-4D99-9BC3-284DBB82BCD2}.Debug|iPhone.Deploy.0 = Debug|x86
		{403CBC23-7BAB-4D99-9BC3-284DBB82BCD2}.Debug|iPhoneSimulator.ActiveCfg = Debug|x86
		{403CBC23-7BAB-4D99-9BC3-284DBB82BCD2}.Debug|iPhoneSimulator.Build.0 = Debug|x86
		{403CBC23-7BAB-4D99-9BC3-284DBB82BCD2}.Debug|iPhoneSimulator.Deploy.0 = Debug|x86
		{403CBC23-7BAB-4D99-9BC3-284DBB82BCD2}.Debug|x64.ActiveCfg = Debug|x64
		{403CBC23-7BAB-4D99-9BC3-284DBB82BCD2}.Debug|x64.Build.0 = Debug|x64
		{403CBC23-7BAB-4D99-9BC3-284DBB82BCD2}.Debug|x64.Deploy.0 = Debug|x64
		{403CBC23-7BAB-4D99-9BC3-284DBB82BCD2}.Debug|x86.ActiveCfg = Debug|x86
		{403CBC23-7BAB-4D99-9BC3-284DBB82BCD2}.Debug|x86.Build.0 = Debug|x86
		{403CBC23-7BAB-4D99-9BC3-284DBB82BCD2}.Debug|x86.Deploy.0 = Debug|x86
		{403CBC23-7BAB-4D99-9BC3-284DBB82BCD2}.Release|Any CPU.ActiveCfg = Release|x86
		{403CBC23-7BAB-4D99-9BC3-284DBB82BCD2}.Release|Any CPU.Build.0 = Release|x86
		{403CBC23-7BAB-4D99-9BC3-284DBB82BCD2}.Release|Any CPU.Deploy.0 = Release|x86
		{403CBC23-7BAB-4D99-9BC3-284DBB82BCD2}.Release|ARM.ActiveCfg = Release|ARM
		{403CBC23-7BAB-4D99-9BC3-284DBB82BCD2}.Release|ARM.Build.0 = Release|ARM
		{403CBC23-7BAB-4D99-9BC3-284DBB82BCD2}.Release|ARM.Deploy.0 = Release|ARM
		{403CBC23-7BAB-4D99-9BC3-284DBB82BCD2}.Release|iPhone.ActiveCfg = Release|x86
		{403CBC23-7BAB-4D99-9BC3-284DBB82BCD2}.Release|iPhone.Build.0 = Release|x86
		{403CBC23-7BAB-4D99-9BC3-284DBB82BCD2}.Release|iPhone.Deploy.0 = Release|x86
		{403CBC23-7BAB-4D99-9BC3-284DBB82BCD2}.Release|iPhoneSimulator.ActiveCfg = Release|x86
		{403CBC23-7BAB-4D99-9BC3-284DBB82BCD2}.Release|iPhoneSimulator.Build.0 = Release|x86
		{403CBC23-7BAB-4D99-9BC3-284DBB82BCD2}.Release|iPhoneSimulator.Deploy.0 = Release|x86
		{403CBC23-7BAB-4D99-9BC3-284DBB82BCD2}.Release|x64.ActiveCfg = Release|x64
		{403CBC23-7BAB-4D99-9BC3-284DBB82BCD2}.Release|x64.Build.0 = Release|x64
		{403CBC23-7BAB-4D99-9BC3-284DBB82BCD2}.Release|x64.Deploy.0 = Release|x64
		{403CBC23-7BAB-4D99-9BC3-284DBB82BCD2}.Release|x86.ActiveCfg = Release|x86
		{403CBC23-7BAB-4D99-9BC3-284DBB82BCD2}.Release|x86.Build.0 = Release|x86
		{403CBC23-7BAB-4D99-9BC3-284DBB82BCD2}.Release|x86.Deploy.0 = Release|x86
		{2F4B9BF8-BDA8-486C-81A4-11E6EEF51541}.Debug|Any CPU.ActiveCfg = Debug|Any CPU
		{2F4B9BF8-BDA8-486C-81A4-11E6EEF51541}.Debug|Any CPU.Build.0 = Debug|Any CPU
		{2F4B9BF8-BDA8-486C-81A4-11E6EEF51541}.Debug|Any CPU.Deploy.0 = Debug|Any CPU
		{2F4B9BF8-BDA8-486C-81A4-11E6EEF51541}.Debug|ARM.ActiveCfg = Debug|Any CPU
		{2F4B9BF8-BDA8-486C-81A4-11E6EEF51541}.Debug|ARM.Build.0 = Debug|Any CPU
		{2F4B9BF8-BDA8-486C-81A4-11E6EEF51541}.Debug|ARM.Deploy.0 = Debug|Any CPU
		{2F4B9BF8-BDA8-486C-81A4-11E6EEF51541}.Debug|iPhone.ActiveCfg = Debug|Any CPU
		{2F4B9BF8-BDA8-486C-81A4-11E6EEF51541}.Debug|iPhone.Build.0 = Debug|Any CPU
		{2F4B9BF8-BDA8-486C-81A4-11E6EEF51541}.Debug|iPhone.Deploy.0 = Debug|Any CPU
		{2F4B9BF8-BDA8-486C-81A4-11E6EEF51541}.Debug|iPhoneSimulator.ActiveCfg = Debug|Any CPU
		{2F4B9BF8-BDA8-486C-81A4-11E6EEF51541}.Debug|iPhoneSimulator.Build.0 = Debug|Any CPU
		{2F4B9BF8-BDA8-486C-81A4-11E6EEF51541}.Debug|iPhoneSimulator.Deploy.0 = Debug|Any CPU
		{2F4B9BF8-BDA8-486C-81A4-11E6EEF51541}.Debug|x64.ActiveCfg = Debug|Any CPU
		{2F4B9BF8-BDA8-486C-81A4-11E6EEF51541}.Debug|x64.Build.0 = Debug|Any CPU
		{2F4B9BF8-BDA8-486C-81A4-11E6EEF51541}.Debug|x64.Deploy.0 = Debug|Any CPU
		{2F4B9BF8-BDA8-486C-81A4-11E6EEF51541}.Debug|x86.ActiveCfg = Debug|Any CPU
		{2F4B9BF8-BDA8-486C-81A4-11E6EEF51541}.Debug|x86.Build.0 = Debug|Any CPU
		{2F4B9BF8-BDA8-486C-81A4-11E6EEF51541}.Debug|x86.Deploy.0 = Debug|Any CPU
		{2F4B9BF8-BDA8-486C-81A4-11E6EEF51541}.Release|Any CPU.ActiveCfg = Release|Any CPU
		{2F4B9BF8-BDA8-486C-81A4-11E6EEF51541}.Release|Any CPU.Build.0 = Release|Any CPU
		{2F4B9BF8-BDA8-486C-81A4-11E6EEF51541}.Release|Any CPU.Deploy.0 = Release|Any CPU
		{2F4B9BF8-BDA8-486C-81A4-11E6EEF51541}.Release|ARM.ActiveCfg = Release|Any CPU
		{2F4B9BF8-BDA8-486C-81A4-11E6EEF51541}.Release|ARM.Build.0 = Release|Any CPU
		{2F4B9BF8-BDA8-486C-81A4-11E6EEF51541}.Release|ARM.Deploy.0 = Release|Any CPU
		{2F4B9BF8-BDA8-486C-81A4-11E6EEF51541}.Release|iPhone.ActiveCfg = Release|Any CPU
		{2F4B9BF8-BDA8-486C-81A4-11E6EEF51541}.Release|iPhone.Build.0 = Release|Any CPU
		{2F4B9BF8-BDA8-486C-81A4-11E6EEF51541}.Release|iPhone.Deploy.0 = Release|Any CPU
		{2F4B9BF8-BDA8-486C-81A4-11E6EEF51541}.Release|iPhoneSimulator.ActiveCfg = Release|Any CPU
		{2F4B9BF8-BDA8-486C-81A4-11E6EEF51541}.Release|iPhoneSimulator.Build.0 = Release|Any CPU
		{2F4B9BF8-BDA8-486C-81A4-11E6EEF51541}.Release|iPhoneSimulator.Deploy.0 = Release|Any CPU
		{2F4B9BF8-BDA8-486C-81A4-11E6EEF51541}.Release|x64.ActiveCfg = Release|Any CPU
		{2F4B9BF8-BDA8-486C-81A4-11E6EEF51541}.Release|x64.Build.0 = Release|Any CPU
		{2F4B9BF8-BDA8-486C-81A4-11E6EEF51541}.Release|x64.Deploy.0 = Release|Any CPU
		{2F4B9BF8-BDA8-486C-81A4-11E6EEF51541}.Release|x86.ActiveCfg = Release|Any CPU
		{2F4B9BF8-BDA8-486C-81A4-11E6EEF51541}.Release|x86.Build.0 = Release|Any CPU
		{2F4B9BF8-BDA8-486C-81A4-11E6EEF51541}.Release|x86.Deploy.0 = Release|Any CPU
		{DDB7EFDB-3D6D-4B68-85E2-1C831CE92D4E}.Debug|Any CPU.ActiveCfg = Debug|iPhone
		{DDB7EFDB-3D6D-4B68-85E2-1C831CE92D4E}.Debug|Any CPU.Build.0 = Debug|iPhone
		{DDB7EFDB-3D6D-4B68-85E2-1C831CE92D4E}.Debug|Any CPU.Deploy.0 = Debug|iPhone
		{DDB7EFDB-3D6D-4B68-85E2-1C831CE92D4E}.Debug|ARM.ActiveCfg = Debug|iPhone
		{DDB7EFDB-3D6D-4B68-85E2-1C831CE92D4E}.Debug|ARM.Build.0 = Debug|iPhone
		{DDB7EFDB-3D6D-4B68-85E2-1C831CE92D4E}.Debug|ARM.Deploy.0 = Debug|iPhone
		{DDB7EFDB-3D6D-4B68-85E2-1C831CE92D4E}.Debug|iPhone.ActiveCfg = Debug|iPhone
		{DDB7EFDB-3D6D-4B68-85E2-1C831CE92D4E}.Debug|iPhone.Build.0 = Debug|iPhone
		{DDB7EFDB-3D6D-4B68-85E2-1C831CE92D4E}.Debug|iPhone.Deploy.0 = Debug|iPhone
		{DDB7EFDB-3D6D-4B68-85E2-1C831CE92D4E}.Debug|iPhoneSimulator.ActiveCfg = Debug|iPhoneSimulator
		{DDB7EFDB-3D6D-4B68-85E2-1C831CE92D4E}.Debug|iPhoneSimulator.Build.0 = Debug|iPhoneSimulator
		{DDB7EFDB-3D6D-4B68-85E2-1C831CE92D4E}.Debug|iPhoneSimulator.Deploy.0 = Debug|iPhoneSimulator
		{DDB7EFDB-3D6D-4B68-85E2-1C831CE92D4E}.Debug|x64.ActiveCfg = Debug|iPhone
		{DDB7EFDB-3D6D-4B68-85E2-1C831CE92D4E}.Debug|x64.Build.0 = Debug|iPhone
		{DDB7EFDB-3D6D-4B68-85E2-1C831CE92D4E}.Debug|x64.Deploy.0 = Debug|iPhone
		{DDB7EFDB-3D6D-4B68-85E2-1C831CE92D4E}.Debug|x86.ActiveCfg = Debug|iPhone
		{DDB7EFDB-3D6D-4B68-85E2-1C831CE92D4E}.Debug|x86.Build.0 = Debug|iPhone
		{DDB7EFDB-3D6D-4B68-85E2-1C831CE92D4E}.Debug|x86.Deploy.0 = Debug|iPhone
		{DDB7EFDB-3D6D-4B68-85E2-1C831CE92D4E}.Release|Any CPU.ActiveCfg = Release|iPhone
		{DDB7EFDB-3D6D-4B68-85E2-1C831CE92D4E}.Release|Any CPU.Build.0 = Release|iPhone
		{DDB7EFDB-3D6D-4B68-85E2-1C831CE92D4E}.Release|Any CPU.Deploy.0 = Release|iPhone
		{DDB7EFDB-3D6D-4B68-85E2-1C831CE92D4E}.Release|ARM.ActiveCfg = Release|iPhone
		{DDB7EFDB-3D6D-4B68-85E2-1C831CE92D4E}.Release|ARM.Build.0 = Release|iPhone
		{DDB7EFDB-3D6D-4B68-85E2-1C831CE92D4E}.Release|ARM.Deploy.0 = Release|iPhone
		{DDB7EFDB-3D6D-4B68-85E2-1C831CE92D4E}.Release|iPhone.ActiveCfg = Release|iPhone
		{DDB7EFDB-3D6D-4B68-85E2-1C831CE92D4E}.Release|iPhone.Build.0 = Release|iPhone
		{DDB7EFDB-3D6D-4B68-85E2-1C831CE92D4E}.Release|iPhone.Deploy.0 = Release|iPhone
		{DDB7EFDB-3D6D-4B68-85E2-1C831CE92D4E}.Release|iPhoneSimulator.ActiveCfg = Release|iPhoneSimulator
		{DDB7EFDB-3D6D-4B68-85E2-1C831CE92D4E}.Release|iPhoneSimulator.Build.0 = Release|iPhoneSimulator
		{DDB7EFDB-3D6D-4B68-85E2-1C831CE92D4E}.Release|iPhoneSimulator.Deploy.0 = Release|iPhoneSimulator
		{DDB7EFDB-3D6D-4B68-85E2-1C831CE92D4E}.Release|x64.ActiveCfg = Release|iPhone
		{DDB7EFDB-3D6D-4B68-85E2-1C831CE92D4E}.Release|x64.Build.0 = Release|iPhone
		{DDB7EFDB-3D6D-4B68-85E2-1C831CE92D4E}.Release|x64.Deploy.0 = Release|iPhone
		{DDB7EFDB-3D6D-4B68-85E2-1C831CE92D4E}.Release|x86.ActiveCfg = Release|iPhone
		{DDB7EFDB-3D6D-4B68-85E2-1C831CE92D4E}.Release|x86.Build.0 = Release|iPhone
		{DDB7EFDB-3D6D-4B68-85E2-1C831CE92D4E}.Release|x86.Deploy.0 = Release|iPhone
		{4C28A348-7FB0-45D1-867C-E421C31E971D}.Debug|Any CPU.ActiveCfg = Debug|Any CPU
		{4C28A348-7FB0-45D1-867C-E421C31E971D}.Debug|Any CPU.Build.0 = Debug|Any CPU
		{4C28A348-7FB0-45D1-867C-E421C31E971D}.Debug|Any CPU.Deploy.0 = Debug|Any CPU
		{4C28A348-7FB0-45D1-867C-E421C31E971D}.Debug|ARM.ActiveCfg = Debug|Any CPU
		{4C28A348-7FB0-45D1-867C-E421C31E971D}.Debug|ARM.Build.0 = Debug|Any CPU
		{4C28A348-7FB0-45D1-867C-E421C31E971D}.Debug|ARM.Deploy.0 = Debug|Any CPU
		{4C28A348-7FB0-45D1-867C-E421C31E971D}.Debug|iPhone.ActiveCfg = Debug|Any CPU
		{4C28A348-7FB0-45D1-867C-E421C31E971D}.Debug|iPhone.Build.0 = Debug|Any CPU
		{4C28A348-7FB0-45D1-867C-E421C31E971D}.Debug|iPhone.Deploy.0 = Debug|Any CPU
		{4C28A348-7FB0-45D1-867C-E421C31E971D}.Debug|iPhoneSimulator.ActiveCfg = Debug|Any CPU
		{4C28A348-7FB0-45D1-867C-E421C31E971D}.Debug|iPhoneSimulator.Build.0 = Debug|Any CPU
		{4C28A348-7FB0-45D1-867C-E421C31E971D}.Debug|iPhoneSimulator.Deploy.0 = Debug|Any CPU
		{4C28A348-7FB0-45D1-867C-E421C31E971D}.Debug|x64.ActiveCfg = Debug|Any CPU
		{4C28A348-7FB0-45D1-867C-E421C31E971D}.Debug|x64.Build.0 = Debug|Any CPU
		{4C28A348-7FB0-45D1-867C-E421C31E971D}.Debug|x64.Deploy.0 = Debug|Any CPU
		{4C28A348-7FB0-45D1-867C-E421C31E971D}.Debug|x86.ActiveCfg = Debug|Any CPU
		{4C28A348-7FB0-45D1-867C-E421C31E971D}.Debug|x86.Build.0 = Debug|Any CPU
		{4C28A348-7FB0-45D1-867C-E421C31E971D}.Debug|x86.Deploy.0 = Debug|Any CPU
		{4C28A348-7FB0-45D1-867C-E421C31E971D}.Release|Any CPU.ActiveCfg = Release|Any CPU
		{4C28A348-7FB0-45D1-867C-E421C31E971D}.Release|Any CPU.Build.0 = Release|Any CPU
		{4C28A348-7FB0-45D1-867C-E421C31E971D}.Release|Any CPU.Deploy.0 = Release|Any CPU
		{4C28A348-7FB0-45D1-867C-E421C31E971D}.Release|ARM.ActiveCfg = Release|Any CPU
		{4C28A348-7FB0-45D1-867C-E421C31E971D}.Release|ARM.Build.0 = Release|Any CPU
		{4C28A348-7FB0-45D1-867C-E421C31E971D}.Release|ARM.Deploy.0 = Release|Any CPU
		{4C28A348-7FB0-45D1-867C-E421C31E971D}.Release|iPhone.ActiveCfg = Release|Any CPU
		{4C28A348-7FB0-45D1-867C-E421C31E971D}.Release|iPhone.Build.0 = Release|Any CPU
		{4C28A348-7FB0-45D1-867C-E421C31E971D}.Release|iPhone.Deploy.0 = Release|Any CPU
		{4C28A348-7FB0-45D1-867C-E421C31E971D}.Release|iPhoneSimulator.ActiveCfg = Release|Any CPU
		{4C28A348-7FB0-45D1-867C-E421C31E971D}.Release|iPhoneSimulator.Build.0 = Release|Any CPU
		{4C28A348-7FB0-45D1-867C-E421C31E971D}.Release|iPhoneSimulator.Deploy.0 = Release|Any CPU
		{4C28A348-7FB0-45D1-867C-E421C31E971D}.Release|x64.ActiveCfg = Release|Any CPU
		{4C28A348-7FB0-45D1-867C-E421C31E971D}.Release|x64.Build.0 = Release|Any CPU
		{4C28A348-7FB0-45D1-867C-E421C31E971D}.Release|x64.Deploy.0 = Release|Any CPU
		{4C28A348-7FB0-45D1-867C-E421C31E971D}.Release|x86.ActiveCfg = Release|Any CPU
		{4C28A348-7FB0-45D1-867C-E421C31E971D}.Release|x86.Build.0 = Release|Any CPU
		{4C28A348-7FB0-45D1-867C-E421C31E971D}.Release|x86.Deploy.0 = Release|Any CPU
	EndGlobalSection
	GlobalSection(SolutionProperties) = preSolution
		HideSolutionNode = FALSE
	EndGlobalSection
	GlobalSection(ExtensibilityGlobals) = postSolution
		SolutionGuid = {09A16FAA-FF57-4E17-A5E5-987C7BF4E61F}
	EndGlobalSection
EndGlobal
